
Microsoft Visual Studio Solution File, Format Version 12.00
# Visual Studio 15
VisualStudioVersion = 15.0.28307.572
MinimumVisualStudioVersion = 10.0.40219.1
Project("{FAE04EC0-301F-11D3-BF4B-00C04F79EFBC}") = "Pvrtc", "Pvrtc\Pvrtc.csproj", "{32918CE3-A20C-4A50-A224-44BA8E61A9CF}"
EndProject
Project("{FAE04EC0-301F-11D3-BF4B-00C04F79EFBC}") = "PvrtcTest", "PvrtcTest\PvrtcTest.csproj", "{2D9D61B2-6668-491C-80A7-A97B34232880}"
EndProject
Project("{9A19103F-16F7-4668-BE54-9A1E7A4F7556}") = "PvrtcNETStandard", "Pvrtc\PvrtcNETStandard.csproj", "{8BA4FFF1-8C98-4B39-836B-237B09D11986}"
EndProject
Global
	GlobalSection(SolutionConfigurationPlatforms) = preSolution
		Debug|Any CPU = Debug|Any CPU
		Release|Any CPU = Release|Any CPU
	EndGlobalSection
	GlobalSection(ProjectConfigurationPlatforms) = postSolution
		{32918CE3-A20C-4A50-A224-44BA8E61A9CF}.Debug|Any CPU.ActiveCfg = Debug|Any CPU
		{32918CE3-A20C-4A50-A224-44BA8E61A9CF}.Debug|Any CPU.Build.0 = Debug|Any CPU
		{32918CE3-A20C-4A50-A224-44BA8E61A9CF}.Release|Any CPU.ActiveCfg = Release|Any CPU
		{32918CE3-A20C-4A50-A224-44BA8E61A9CF}.Release|Any CPU.Build.0 = Release|Any CPU
		{2D9D61B2-6668-491C-80A7-A97B34232880}.Debug|Any CPU.ActiveCfg = Debug|Any CPU
		{2D9D61B2-6668-491C-80A7-A97B34232880}.Debug|Any CPU.Build.0 = Debug|Any CPU
		{2D9D61B2-6668-491C-80A7-A97B34232880}.Release|Any CPU.ActiveCfg = Release|Any CPU
		{2D9D61B2-6668-491C-80A7-A97B34232880}.Release|Any CPU.Build.0 = Release|Any CPU
		{8BA4FFF1-8C98-4B39-836B-237B09D11986}.Debug|Any CPU.ActiveCfg = Debug|Any CPU
		{8BA4FFF1-8C98-4B39-836B-237B09D11986}.Debug|Any CPU.Build.0 = Debug|Any CPU
		{8BA4FFF1-8C98-4B39-836B-237B09D11986}.Release|Any CPU.ActiveCfg = Release|Any CPU
		{8BA4FFF1-8C98-4B39-836B-237B09D11986}.Release|Any CPU.Build.0 = Release|Any CPU
	EndGlobalSection
	GlobalSection(SolutionProperties) = preSolution
		HideSolutionNode = FALSE
	EndGlobalSection
	GlobalSection(ExtensibilityGlobals) = postSolution
		SolutionGuid = {C7E3FEB6-4471-4256-BB7C-879B63EAC5DA}
	EndGlobalSection
EndGlobal
